
Microsoft Visual Studio Solution File, Format Version 12.00
# Visual Studio Version 16
VisualStudioVersion = 16.0.30907.101
MinimumVisualStudioVersion = 10.0.40219.1
Project("{9A19103F-16F7-4668-BE54-9A1E7A4F7556}") = "KampIntro", "KampIntro\KampIntro.csproj", "{D133EF71-DF1B-473A-AE76-E696E63A1204}"
EndProject
Project("{9A19103F-16F7-4668-BE54-9A1E7A4F7556}") = "Donguler", "Donguler\Donguler.csproj", "{8FAB3FD2-DD55-4603-A0A0-A4E3EB20EA05}"
EndProject
Project("{9A19103F-16F7-4668-BE54-9A1E7A4F7556}") = "ClassIntro", "ClassIntro\ClassIntro.csproj", "{5B7CF537-0F79-4191-890E-3EDA2685705D}"
EndProject
Project("{9A19103F-16F7-4668-BE54-9A1E7A4F7556}") = "Metotlar", "Metotlar\Metotlar.csproj", "{012731C4-8D2B-4BD7-896E-92BD56E2F25A}"
EndProject
Project("{9A19103F-16F7-4668-BE54-9A1E7A4F7556}") = "Matematik", "Matematik\Matematik.csproj", "{F36457E3-6F9C-4277-B4E2-C09AB5A84FA3}"
EndProject
Project("{9A19103F-16F7-4668-BE54-9A1E7A4F7556}") = "DegerVeReferansTipler", "DegerVeReferansTipler\DegerVeReferansTipler.csproj", "{C31B9AD2-A284-4F8A-945E-41A4524C56FF}"
EndProject
Project("{9A19103F-16F7-4668-BE54-9A1E7A4F7556}") = "OOP1", "OOP1\OOP1.csproj", "{E42ED69C-7E96-4042-AF2C-8AA2C86ACFAD}"
EndProject
Project("{9A19103F-16F7-4668-BE54-9A1E7A4F7556}") = "Koleksiyonlar", "Koleksiyonlar\Koleksiyonlar.csproj", "{952133F1-4804-4746-A97E-EA7FF1C2924C}"
EndProject
Project("{9A19103F-16F7-4668-BE54-9A1E7A4F7556}") = "GenericsIntro", "GenericsIntro\GenericsIntro.csproj", "{AB1BFF4B-9764-4561-B871-C5352884AD5F}"
EndProject
Project("{9A19103F-16F7-4668-BE54-9A1E7A4F7556}") = "OOP2", "OOP2\OOP2.csproj", "{9C5715FC-334C-4AAA-A7B4-3974A6FCC95E}"
EndProject
Project("{FAE04EC0-301F-11D3-BF4B-00C04F79EFBC}") = "OOP3", "OOP3\OOP3.csproj", "{B8F88DAF-9826-4F27-BA30-9120134DAC10}"
EndProject
Global
	GlobalSection(SolutionConfigurationPlatforms) = preSolution
		Debug|Any CPU = Debug|Any CPU
		Release|Any CPU = Release|Any CPU
	EndGlobalSection
	GlobalSection(ProjectConfigurationPlatforms) = postSolution
		{D133EF71-DF1B-473A-AE76-E696E63A1204}.Debug|Any CPU.ActiveCfg = Debug|Any CPU
		{D133EF71-DF1B-473A-AE76-E696E63A1204}.Debug|Any CPU.Build.0 = Debug|Any CPU
		{D133EF71-DF1B-473A-AE76-E696E63A1204}.Release|Any CPU.ActiveCfg = Release|Any CPU
		{D133EF71-DF1B-473A-AE76-E696E63A1204}.Release|Any CPU.Build.0 = Release|Any CPU
		{8FAB3FD2-DD55-4603-A0A0-A4E3EB20EA05}.Debug|Any CPU.ActiveCfg = Debug|Any CPU
		{8FAB3FD2-DD55-4603-A0A0-A4E3EB20EA05}.Debug|Any CPU.Build.0 = Debug|Any CPU
		{8FAB3FD2-DD55-4603-A0A0-A4E3EB20EA05}.Release|Any CPU.ActiveCfg = Release|Any CPU
		{8FAB3FD2-DD55-4603-A0A0-A4E3EB20EA05}.Release|Any CPU.Build.0 = Release|Any CPU
		{5B7CF537-0F79-4191-890E-3EDA2685705D}.Debug|Any CPU.ActiveCfg = Debug|Any CPU
		{5B7CF537-0F79-4191-890E-3EDA2685705D}.Debug|Any CPU.Build.0 = Debug|Any CPU
		{5B7CF537-0F79-4191-890E-3EDA2685705D}.Release|Any CPU.ActiveCfg = Release|Any CPU
		{5B7CF537-0F79-4191-890E-3EDA2685705D}.Release|Any CPU.Build.0 = Release|Any CPU
		{012731C4-8D2B-4BD7-896E-92BD56E2F25A}.Debug|Any CPU.ActiveCfg = Debug|Any CPU
		{012731C4-8D2B-4BD7-896E-92BD56E2F25A}.Debug|Any CPU.Build.0 = Debug|Any CPU
		{012731C4-8D2B-4BD7-896E-92BD56E2F25A}.Release|Any CPU.ActiveCfg = Release|Any CPU
		{012731C4-8D2B-4BD7-896E-92BD56E2F25A}.Release|Any CPU.Build.0 = Release|Any CPU
		{F36457E3-6F9C-4277-B4E2-C09AB5A84FA3}.Debug|Any CPU.ActiveCfg = Debug|Any CPU
		{F36457E3-6F9C-4277-B4E2-C09AB5A84FA3}.Debug|Any CPU.Build.0 = Debug|Any CPU
		{F36457E3-6F9C-4277-B4E2-C09AB5A84FA3}.Release|Any CPU.ActiveCfg = Release|Any CPU
		{F36457E3-6F9C-4277-B4E2-C09AB5A84FA3}.Release|Any CPU.Build.0 = Release|Any CPU
		{C31B9AD2-A284-4F8A-945E-41A4524C56FF}.Debug|Any CPU.ActiveCfg = Debug|Any CPU
		{C31B9AD2-A284-4F8A-945E-41A4524C56FF}.Debug|Any CPU.Build.0 = Debug|Any CPU
		{C31B9AD2-A284-4F8A-945E-41A4524C56FF}.Release|Any CPU.ActiveCfg = Release|Any CPU
		{C31B9AD2-A284-4F8A-945E-41A4524C56FF}.Release|Any CPU.Build.0 = Release|Any CPU
		{E42ED69C-7E96-4042-AF2C-8AA2C86ACFAD}.Debug|Any CPU.ActiveCfg = Debug|Any CPU
		{E42ED69C-7E96-4042-AF2C-8AA2C86ACFAD}.Debug|Any CPU.Build.0 = Debug|Any CPU
		{E42ED69C-7E96-4042-AF2C-8AA2C86ACFAD}.Release|Any CPU.ActiveCfg = Release|Any CPU
		{E42ED69C-7E96-4042-AF2C-8AA2C86ACFAD}.Release|Any CPU.Build.0 = Release|Any CPU
		{952133F1-4804-4746-A97E-EA7FF1C2924C}.Debug|Any CPU.ActiveCfg = Debug|Any CPU
		{952133F1-4804-4746-A97E-EA7FF1C2924C}.Debug|Any CPU.Build.0 = Debug|Any CPU
		{952133F1-4804-4746-A97E-EA7FF1C2924C}.Release|Any CPU.ActiveCfg = Release|Any CPU
		{952133F1-4804-4746-A97E-EA7FF1C2924C}.Release|Any CPU.Build.0 = Release|Any CPU
		{AB1BFF4B-9764-4561-B871-C5352884AD5F}.Debug|Any CPU.ActiveCfg = Debug|Any CPU
		{AB1BFF4B-9764-4561-B871-C5352884AD5F}.Debug|Any CPU.Build.0 = Debug|Any CPU
		{AB1BFF4B-9764-4561-B871-C5352884AD5F}.Release|Any CPU.ActiveCfg = Release|Any CPU
		{AB1BFF4B-9764-4561-B871-C5352884AD5F}.Release|Any CPU.Build.0 = Release|Any CPU
		{9C5715FC-334C-4AAA-A7B4-3974A6FCC95E}.Debug|Any CPU.ActiveCfg = Debug|Any CPU
		{9C5715FC-334C-4AAA-A7B4-3974A6FCC95E}.Debug|Any CPU.Build.0 = Debug|Any CPU
		{9C5715FC-334C-4AAA-A7B4-3974A6FCC95E}.Release|Any CPU.ActiveCfg = Release|Any CPU
		{9C5715FC-334C-4AAA-A7B4-3974A6FCC95E}.Release|Any CPU.Build.0 = Release|Any CPU
		{B8F88DAF-9826-4F27-BA30-9120134DAC10}.Debug|Any CPU.ActiveCfg = Debug|Any CPU
		{B8F88DAF-9826-4F27-BA30-9120134DAC10}.Debug|Any CPU.Build.0 = Debug|Any CPU
		{B8F88DAF-9826-4F27-BA30-9120134DAC10}.Release|Any CPU.ActiveCfg = Release|Any CPU
		{B8F88DAF-9826-4F27-BA30-9120134DAC10}.Release|Any CPU.Build.0 = Release|Any CPU
	EndGlobalSection
	GlobalSection(SolutionProperties) = preSolution
		HideSolutionNode = FALSE
	EndGlobalSection
	GlobalSection(ExtensibilityGlobals) = postSolution
		SolutionGuid = {58411BA9-72FE-48AB-9B55-385AB3FED613}
	EndGlobalSection
EndGlobal
